
Microsoft Visual Studio Solution File, Format Version 12.00
# Visual Studio Version 16
VisualStudioVersion = 16.0.31313.79
MinimumVisualStudioVersion = 10.0.40219.1
Project("{FAE04EC0-301F-11D3-BF4B-00C04F79EFBC}") = "GeneralNumbering", "GeneralNumbering\GeneralNumbering.csproj", "{2CE3AC49-0E2D-4133-87BD-4A809087FA74}"
EndProject
Global
	GlobalSection(SolutionConfigurationPlatforms) = preSolution
		Debug|Any CPU = Debug|Any CPU
		Release|Any CPU = Release|Any CPU
	EndGlobalSection
	GlobalSection(ProjectConfigurationPlatforms) = postSolution
		{2CE3AC49-0E2D-4133-87BD-4A809087FA74}.Debug|Any CPU.ActiveCfg = Debug|Any CPU
		{2CE3AC49-0E2D-4133-87BD-4A809087FA74}.Debug|Any CPU.Build.0 = Debug|Any CPU
		{2CE3AC49-0E2D-4133-87BD-4A809087FA74}.Release|Any CPU.ActiveCfg = Release|Any CPU
		{2CE3AC49-0E2D-4133-87BD-4A809087FA74}.Release|Any CPU.Build.0 = Release|Any CPU
	EndGlobalSection
	GlobalSection(SolutionProperties) = preSolution
		HideSolutionNode = FALSE
	EndGlobalSection
	GlobalSection(ExtensibilityGlobals) = postSolution
		SolutionGuid = {444A0F92-D6A4-4314-AE94-67270D58FCFE}
	EndGlobalSection
EndGlobal
