
Microsoft Visual Studio Solution File, Format Version 12.00
# Visual Studio Version 16
VisualStudioVersion = 16.0.31313.79
MinimumVisualStudioVersion = 10.0.40219.1
Project("{FAE04EC0-301F-11D3-BF4B-00C04F79EFBC}") = "Packaging", "Packaging\Packaging.csproj", "{0C132940-9154-4ED6-A1A2-8BA92E4BF3EF}"
EndProject
Global
	GlobalSection(SolutionConfigurationPlatforms) = preSolution
		Debug|Any CPU = Debug|Any CPU
		Release|Any CPU = Release|Any CPU
	EndGlobalSection
	GlobalSection(ProjectConfigurationPlatforms) = postSolution
		{0C132940-9154-4ED6-A1A2-8BA92E4BF3EF}.Debug|Any CPU.ActiveCfg = Debug|Any CPU
		{0C132940-9154-4ED6-A1A2-8BA92E4BF3EF}.Debug|Any CPU.Build.0 = Debug|Any CPU
		{0C132940-9154-4ED6-A1A2-8BA92E4BF3EF}.Release|Any CPU.ActiveCfg = Release|Any CPU
		{0C132940-9154-4ED6-A1A2-8BA92E4BF3EF}.Release|Any CPU.Build.0 = Release|Any CPU
	EndGlobalSection
	GlobalSection(SolutionProperties) = preSolution
		HideSolutionNode = FALSE
	EndGlobalSection
	GlobalSection(ExtensibilityGlobals) = postSolution
		SolutionGuid = {56877AAF-8E6E-4FED-A09C-64025477C100}
	EndGlobalSection
EndGlobal
